
Microsoft Visual Studio Solution File, Format Version 12.00
# Visual Studio 15
VisualStudioVersion = 15.0.28010.2036
MinimumVisualStudioVersion = 10.0.40219.1
Project("{FAE04EC0-301F-11D3-BF4B-00C04F79EFBC}") = "1-ThreadSample", "ThreadSample-1\1-ThreadSample.csproj", "{CD5E55C3-1C88-4B56-93C5-D18A51B8C8B9}"
EndProject
Project("{FAE04EC0-301F-11D3-BF4B-00C04F79EFBC}") = "2-ThreadSample", "ThreadSample-2\2-ThreadSample.csproj", "{E32EDFB1-A68F-4313-A30C-E0F209A39227}"
EndProject
Project("{FAE04EC0-301F-11D3-BF4B-00C04F79EFBC}") = "3-ThreadSample", "ThreadSample-3\3-ThreadSample.csproj", "{71AC188F-FCBC-4119-86BA-BACBF59BB449}"
EndProject
Project("{FAE04EC0-301F-11D3-BF4B-00C04F79EFBC}") = "4-ThreadPoolQueueSample", "ThreadPoolQueueSample\4-ThreadPoolQueueSample.csproj", "{7B7036BB-39AA-4FD0-B5FD-0A5D18C609FD}"
EndProject
Project("{FAE04EC0-301F-11D3-BF4B-00C04F79EFBC}") = "5-ThreadSynchronizationRaceCondition", "ThreadSynchronizationRaceCondition\5-ThreadSynchronizationRaceCondition.csproj", "{5AB31B08-0634-430D-AECA-04DDE56DF5B6}"
EndProject
Project("{FAE04EC0-301F-11D3-BF4B-00C04F79EFBC}") = "6-ThreadSynchronization", "ThreadSynchronization\6-ThreadSynchronization.csproj", "{D5960162-6C6B-431D-908C-F33791A0D8BD}"
EndProject
Project("{FAE04EC0-301F-11D3-BF4B-00C04F79EFBC}") = "7-ThreadSynchronizationWithLock", "ThreadSynchronizationWithLock\7-ThreadSynchronizationWithLock.csproj", "{08DAB02B-CBE1-41E4-9412-7A90DCB458E9}"
EndProject
Project("{FAE04EC0-301F-11D3-BF4B-00C04F79EFBC}") = "8-ThreadMonitor", "ThreadMonitor\8-ThreadMonitor.csproj", "{BDA2232A-1AC3-4918-913F-A1598C834E29}"
EndProject
Project("{FAE04EC0-301F-11D3-BF4B-00C04F79EFBC}") = "9-TaskSample", "TaskSample\9-TaskSample.csproj", "{EB129050-B6FD-438D-A75D-5638AA5A70DE}"
EndProject
Project("{FAE04EC0-301F-11D3-BF4B-00C04F79EFBC}") = "10-TaskWithReturn", "TaskWithReturn\10-TaskWithReturn.csproj", "{F62130AA-C830-4774-A5A5-8C91D7E26A00}"
EndProject
Project("{FAE04EC0-301F-11D3-BF4B-00C04F79EFBC}") = "11-TaskWithReturnNonBlocking", "11-TaskWithReturnNonBlocking\11-TaskWithReturnNonBlocking.csproj", "{396B764E-19D6-4E9D-AD86-4C8D5FBF32D4}"
EndProject
Project("{FAE04EC0-301F-11D3-BF4B-00C04F79EFBC}") = "12-TaskScheduling", "11-TaskScheduling\12-TaskScheduling.csproj", "{936E89B3-DB72-4BD6-A38F-58E0754C2CDD}"
EndProject
Project("{FAE04EC0-301F-11D3-BF4B-00C04F79EFBC}") = "13-NonResponsiveApp", "13-NonResponsiveApp\13-NonResponsiveApp.csproj", "{CA2C6552-0D4D-43B3-B6A1-CD4C2057CB5F}"
EndProject
Project("{FAE04EC0-301F-11D3-BF4B-00C04F79EFBC}") = "14-AsyncAwaitSample", "14-AsyncAwaitSample\14-AsyncAwaitSample.csproj", "{1F7863D9-8649-4FFF-8A69-90CBDBA58706}"
EndProject
Project("{FAE04EC0-301F-11D3-BF4B-00C04F79EFBC}") = "15-TaskParallelismParentChildTask", "15-TaskParallelismParentChildTask\15-TaskParallelismParentChildTask.csproj", "{BC19EF88-FE7E-4AFE-95A2-BC2FEE902397}"
EndProject
Project("{FAE04EC0-301F-11D3-BF4B-00C04F79EFBC}") = "16-ParallelClass", "16-ParallelClass\16-ParallelClass.csproj", "{A316696B-2526-4998-ABE7-6A39B51B4C98}"
EndProject
Project("{FAE04EC0-301F-11D3-BF4B-00C04F79EFBC}") = "17-AsyncAwaitSample", "17-AsyncAwaitSample\17-AsyncAwaitSample.csproj", "{9A3C0B16-7379-45F5-AB65-D991F555E5E6}"
EndProject
Project("{FAE04EC0-301F-11D3-BF4B-00C04F79EFBC}") = "18-AsyncAwaitSample1", "18-AsyncAwaitSample1\18-AsyncAwaitSample1.csproj", "{0168E5EA-E6C1-4F86-BAEB-9E8E5BA8DA28}"
EndProject
Global
	GlobalSection(SolutionConfigurationPlatforms) = preSolution
		Debug|Any CPU = Debug|Any CPU
		Debug|x64 = Debug|x64
		Debug|x86 = Debug|x86
		Release|Any CPU = Release|Any CPU
		Release|x64 = Release|x64
		Release|x86 = Release|x86
	EndGlobalSection
	GlobalSection(ProjectConfigurationPlatforms) = postSolution
		{CD5E55C3-1C88-4B56-93C5-D18A51B8C8B9}.Debug|Any CPU.ActiveCfg = Debug|Any CPU
		{CD5E55C3-1C88-4B56-93C5-D18A51B8C8B9}.Debug|Any CPU.Build.0 = Debug|Any CPU
		{CD5E55C3-1C88-4B56-93C5-D18A51B8C8B9}.Debug|x64.ActiveCfg = Debug|Any CPU
		{CD5E55C3-1C88-4B56-93C5-D18A51B8C8B9}.Debug|x64.Build.0 = Debug|Any CPU
		{CD5E55C3-1C88-4B56-93C5-D18A51B8C8B9}.Debug|x86.ActiveCfg = Debug|Any CPU
		{CD5E55C3-1C88-4B56-93C5-D18A51B8C8B9}.Debug|x86.Build.0 = Debug|Any CPU
		{CD5E55C3-1C88-4B56-93C5-D18A51B8C8B9}.Release|Any CPU.ActiveCfg = Release|Any CPU
		{CD5E55C3-1C88-4B56-93C5-D18A51B8C8B9}.Release|Any CPU.Build.0 = Release|Any CPU
		{CD5E55C3-1C88-4B56-93C5-D18A51B8C8B9}.Release|x64.ActiveCfg = Release|Any CPU
		{CD5E55C3-1C88-4B56-93C5-D18A51B8C8B9}.Release|x64.Build.0 = Release|Any CPU
		{CD5E55C3-1C88-4B56-93C5-D18A51B8C8B9}.Release|x86.ActiveCfg = Release|Any CPU
		{CD5E55C3-1C88-4B56-93C5-D18A51B8C8B9}.Release|x86.Build.0 = Release|Any CPU
		{E32EDFB1-A68F-4313-A30C-E0F209A39227}.Debug|Any CPU.ActiveCfg = Debug|Any CPU
		{E32EDFB1-A68F-4313-A30C-E0F209A39227}.Debug|Any CPU.Build.0 = Debug|Any CPU
		{E32EDFB1-A68F-4313-A30C-E0F209A39227}.Debug|x64.ActiveCfg = Debug|Any CPU
		{E32EDFB1-A68F-4313-A30C-E0F209A39227}.Debug|x64.Build.0 = Debug|Any CPU
		{E32EDFB1-A68F-4313-A30C-E0F209A39227}.Debug|x86.ActiveCfg = Debug|Any CPU
		{E32EDFB1-A68F-4313-A30C-E0F209A39227}.Debug|x86.Build.0 = Debug|Any CPU
		{E32EDFB1-A68F-4313-A30C-E0F209A39227}.Release|Any CPU.ActiveCfg = Release|Any CPU
		{E32EDFB1-A68F-4313-A30C-E0F209A39227}.Release|Any CPU.Build.0 = Release|Any CPU
		{E32EDFB1-A68F-4313-A30C-E0F209A39227}.Release|x64.ActiveCfg = Release|Any CPU
		{E32EDFB1-A68F-4313-A30C-E0F209A39227}.Release|x64.Build.0 = Release|Any CPU
		{E32EDFB1-A68F-4313-A30C-E0F209A39227}.Release|x86.ActiveCfg = Release|Any CPU
		{E32EDFB1-A68F-4313-A30C-E0F209A39227}.Release|x86.Build.0 = Release|Any CPU
		{71AC188F-FCBC-4119-86BA-BACBF59BB449}.Debug|Any CPU.ActiveCfg = Debug|Any CPU
		{71AC188F-FCBC-4119-86BA-BACBF59BB449}.Debug|Any CPU.Build.0 = Debug|Any CPU
		{71AC188F-FCBC-4119-86BA-BACBF59BB449}.Debug|x64.ActiveCfg = Debug|Any CPU
		{71AC188F-FCBC-4119-86BA-BACBF59BB449}.Debug|x64.Build.0 = Debug|Any CPU
		{71AC188F-FCBC-4119-86BA-BACBF59BB449}.Debug|x86.ActiveCfg = Debug|Any CPU
		{71AC188F-FCBC-4119-86BA-BACBF59BB449}.Debug|x86.Build.0 = Debug|Any CPU
		{71AC188F-FCBC-4119-86BA-BACBF59BB449}.Release|Any CPU.ActiveCfg = Release|Any CPU
		{71AC188F-FCBC-4119-86BA-BACBF59BB449}.Release|Any CPU.Build.0 = Release|Any CPU
		{71AC188F-FCBC-4119-86BA-BACBF59BB449}.Release|x64.ActiveCfg = Release|Any CPU
		{71AC188F-FCBC-4119-86BA-BACBF59BB449}.Release|x64.Build.0 = Release|Any CPU
		{71AC188F-FCBC-4119-86BA-BACBF59BB449}.Release|x86.ActiveCfg = Release|Any CPU
		{71AC188F-FCBC-4119-86BA-BACBF59BB449}.Release|x86.Build.0 = Release|Any CPU
		{7B7036BB-39AA-4FD0-B5FD-0A5D18C609FD}.Debug|Any CPU.ActiveCfg = Debug|Any CPU
		{7B7036BB-39AA-4FD0-B5FD-0A5D18C609FD}.Debug|Any CPU.Build.0 = Debug|Any CPU
		{7B7036BB-39AA-4FD0-B5FD-0A5D18C609FD}.Debug|x64.ActiveCfg = Debug|Any CPU
		{7B7036BB-39AA-4FD0-B5FD-0A5D18C609FD}.Debug|x64.Build.0 = Debug|Any CPU
		{7B7036BB-39AA-4FD0-B5FD-0A5D18C609FD}.Debug|x86.ActiveCfg = Debug|Any CPU
		{7B7036BB-39AA-4FD0-B5FD-0A5D18C609FD}.Debug|x86.Build.0 = Debug|Any CPU
		{7B7036BB-39AA-4FD0-B5FD-0A5D18C609FD}.Release|Any CPU.ActiveCfg = Release|Any CPU
		{7B7036BB-39AA-4FD0-B5FD-0A5D18C609FD}.Release|Any CPU.Build.0 = Release|Any CPU
		{7B7036BB-39AA-4FD0-B5FD-0A5D18C609FD}.Release|x64.ActiveCfg = Release|Any CPU
		{7B7036BB-39AA-4FD0-B5FD-0A5D18C609FD}.Release|x64.Build.0 = Release|Any CPU
		{7B7036BB-39AA-4FD0-B5FD-0A5D18C609FD}.Release|x86.ActiveCfg = Release|Any CPU
		{7B7036BB-39AA-4FD0-B5FD-0A5D18C609FD}.Release|x86.Build.0 = Release|Any CPU
		{5AB31B08-0634-430D-AECA-04DDE56DF5B6}.Debug|Any CPU.ActiveCfg = Debug|Any CPU
		{5AB31B08-0634-430D-AECA-04DDE56DF5B6}.Debug|Any CPU.Build.0 = Debug|Any CPU
		{5AB31B08-0634-430D-AECA-04DDE56DF5B6}.Debug|x64.ActiveCfg = Debug|Any CPU
		{5AB31B08-0634-430D-AECA-04DDE56DF5B6}.Debug|x64.Build.0 = Debug|Any CPU
		{5AB31B08-0634-430D-AECA-04DDE56DF5B6}.Debug|x86.ActiveCfg = Debug|Any CPU
		{5AB31B08-0634-430D-AECA-04DDE56DF5B6}.Debug|x86.Build.0 = Debug|Any CPU
		{5AB31B08-0634-430D-AECA-04DDE56DF5B6}.Release|Any CPU.ActiveCfg = Release|Any CPU
		{5AB31B08-0634-430D-AECA-04DDE56DF5B6}.Release|Any CPU.Build.0 = Release|Any CPU
		{5AB31B08-0634-430D-AECA-04DDE56DF5B6}.Release|x64.ActiveCfg = Release|Any CPU
		{5AB31B08-0634-430D-AECA-04DDE56DF5B6}.Release|x64.Build.0 = Release|Any CPU
		{5AB31B08-0634-430D-AECA-04DDE56DF5B6}.Release|x86.ActiveCfg = Release|Any CPU
		{5AB31B08-0634-430D-AECA-04DDE56DF5B6}.Release|x86.Build.0 = Release|Any CPU
		{D5960162-6C6B-431D-908C-F33791A0D8BD}.Debug|Any CPU.ActiveCfg = Debug|Any CPU
		{D5960162-6C6B-431D-908C-F33791A0D8BD}.Debug|Any CPU.Build.0 = Debug|Any CPU
		{D5960162-6C6B-431D-908C-F33791A0D8BD}.Debug|x64.ActiveCfg = Debug|Any CPU
		{D5960162-6C6B-431D-908C-F33791A0D8BD}.Debug|x64.Build.0 = Debug|Any CPU
		{D5960162-6C6B-431D-908C-F33791A0D8BD}.Debug|x86.ActiveCfg = Debug|Any CPU
		{D5960162-6C6B-431D-908C-F33791A0D8BD}.Debug|x86.Build.0 = Debug|Any CPU
		{D5960162-6C6B-431D-908C-F33791A0D8BD}.Release|Any CPU.ActiveCfg = Release|Any CPU
		{D5960162-6C6B-431D-908C-F33791A0D8BD}.Release|Any CPU.Build.0 = Release|Any CPU
		{D5960162-6C6B-431D-908C-F33791A0D8BD}.Release|x64.ActiveCfg = Release|Any CPU
		{D5960162-6C6B-431D-908C-F33791A0D8BD}.Release|x64.Build.0 = Release|Any CPU
		{D5960162-6C6B-431D-908C-F33791A0D8BD}.Release|x86.ActiveCfg = Release|Any CPU
		{D5960162-6C6B-431D-908C-F33791A0D8BD}.Release|x86.Build.0 = Release|Any CPU
		{08DAB02B-CBE1-41E4-9412-7A90DCB458E9}.Debug|Any CPU.ActiveCfg = Debug|Any CPU
		{08DAB02B-CBE1-41E4-9412-7A90DCB458E9}.Debug|Any CPU.Build.0 = Debug|Any CPU
		{08DAB02B-CBE1-41E4-9412-7A90DCB458E9}.Debug|x64.ActiveCfg = Debug|Any CPU
		{08DAB02B-CBE1-41E4-9412-7A90DCB458E9}.Debug|x64.Build.0 = Debug|Any CPU
		{08DAB02B-CBE1-41E4-9412-7A90DCB458E9}.Debug|x86.ActiveCfg = Debug|Any CPU
		{08DAB02B-CBE1-41E4-9412-7A90DCB458E9}.Debug|x86.Build.0 = Debug|Any CPU
		{08DAB02B-CBE1-41E4-9412-7A90DCB458E9}.Release|Any CPU.ActiveCfg = Release|Any CPU
		{08DAB02B-CBE1-41E4-9412-7A90DCB458E9}.Release|Any CPU.Build.0 = Release|Any CPU
		{08DAB02B-CBE1-41E4-9412-7A90DCB458E9}.Release|x64.ActiveCfg = Release|Any CPU
		{08DAB02B-CBE1-41E4-9412-7A90DCB458E9}.Release|x64.Build.0 = Release|Any CPU
		{08DAB02B-CBE1-41E4-9412-7A90DCB458E9}.Release|x86.ActiveCfg = Release|Any CPU
		{08DAB02B-CBE1-41E4-9412-7A90DCB458E9}.Release|x86.Build.0 = Release|Any CPU
		{BDA2232A-1AC3-4918-913F-A1598C834E29}.Debug|Any CPU.ActiveCfg = Debug|Any CPU
		{BDA2232A-1AC3-4918-913F-A1598C834E29}.Debug|Any CPU.Build.0 = Debug|Any CPU
		{BDA2232A-1AC3-4918-913F-A1598C834E29}.Debug|x64.ActiveCfg = Debug|Any CPU
		{BDA2232A-1AC3-4918-913F-A1598C834E29}.Debug|x64.Build.0 = Debug|Any CPU
		{BDA2232A-1AC3-4918-913F-A1598C834E29}.Debug|x86.ActiveCfg = Debug|Any CPU
		{BDA2232A-1AC3-4918-913F-A1598C834E29}.Debug|x86.Build.0 = Debug|Any CPU
		{BDA2232A-1AC3-4918-913F-A1598C834E29}.Release|Any CPU.ActiveCfg = Release|Any CPU
		{BDA2232A-1AC3-4918-913F-A1598C834E29}.Release|Any CPU.Build.0 = Release|Any CPU
		{BDA2232A-1AC3-4918-913F-A1598C834E29}.Release|x64.ActiveCfg = Release|Any CPU
		{BDA2232A-1AC3-4918-913F-A1598C834E29}.Release|x64.Build.0 = Release|Any CPU
		{BDA2232A-1AC3-4918-913F-A1598C834E29}.Release|x86.ActiveCfg = Release|Any CPU
		{BDA2232A-1AC3-4918-913F-A1598C834E29}.Release|x86.Build.0 = Release|Any CPU
		{EB129050-B6FD-438D-A75D-5638AA5A70DE}.Debug|Any CPU.ActiveCfg = Debug|Any CPU
		{EB129050-B6FD-438D-A75D-5638AA5A70DE}.Debug|Any CPU.Build.0 = Debug|Any CPU
		{EB129050-B6FD-438D-A75D-5638AA5A70DE}.Debug|x64.ActiveCfg = Debug|Any CPU
		{EB129050-B6FD-438D-A75D-5638AA5A70DE}.Debug|x64.Build.0 = Debug|Any CPU
		{EB129050-B6FD-438D-A75D-5638AA5A70DE}.Debug|x86.ActiveCfg = Debug|Any CPU
		{EB129050-B6FD-438D-A75D-5638AA5A70DE}.Debug|x86.Build.0 = Debug|Any CPU
		{EB129050-B6FD-438D-A75D-5638AA5A70DE}.Release|Any CPU.ActiveCfg = Release|Any CPU
		{EB129050-B6FD-438D-A75D-5638AA5A70DE}.Release|Any CPU.Build.0 = Release|Any CPU
		{EB129050-B6FD-438D-A75D-5638AA5A70DE}.Release|x64.ActiveCfg = Release|Any CPU
		{EB129050-B6FD-438D-A75D-5638AA5A70DE}.Release|x64.Build.0 = Release|Any CPU
		{EB129050-B6FD-438D-A75D-5638AA5A70DE}.Release|x86.ActiveCfg = Release|Any CPU
		{EB129050-B6FD-438D-A75D-5638AA5A70DE}.Release|x86.Build.0 = Release|Any CPU
		{F62130AA-C830-4774-A5A5-8C91D7E26A00}.Debug|Any CPU.ActiveCfg = Debug|Any CPU
		{F62130AA-C830-4774-A5A5-8C91D7E26A00}.Debug|Any CPU.Build.0 = Debug|Any CPU
		{F62130AA-C830-4774-A5A5-8C91D7E26A00}.Debug|x64.ActiveCfg = Debug|Any CPU
		{F62130AA-C830-4774-A5A5-8C91D7E26A00}.Debug|x64.Build.0 = Debug|Any CPU
		{F62130AA-C830-4774-A5A5-8C91D7E26A00}.Debug|x86.ActiveCfg = Debug|Any CPU
		{F62130AA-C830-4774-A5A5-8C91D7E26A00}.Debug|x86.Build.0 = Debug|Any CPU
		{F62130AA-C830-4774-A5A5-8C91D7E26A00}.Release|Any CPU.ActiveCfg = Release|Any CPU
		{F62130AA-C830-4774-A5A5-8C91D7E26A00}.Release|Any CPU.Build.0 = Release|Any CPU
		{F62130AA-C830-4774-A5A5-8C91D7E26A00}.Release|x64.ActiveCfg = Release|Any CPU
		{F62130AA-C830-4774-A5A5-8C91D7E26A00}.Release|x64.Build.0 = Release|Any CPU
		{F62130AA-C830-4774-A5A5-8C91D7E26A00}.Release|x86.ActiveCfg = Release|Any CPU
		{F62130AA-C830-4774-A5A5-8C91D7E26A00}.Release|x86.Build.0 = Release|Any CPU
		{396B764E-19D6-4E9D-AD86-4C8D5FBF32D4}.Debug|Any CPU.ActiveCfg = Debug|Any CPU
		{396B764E-19D6-4E9D-AD86-4C8D5FBF32D4}.Debug|Any CPU.Build.0 = Debug|Any CPU
		{396B764E-19D6-4E9D-AD86-4C8D5FBF32D4}.Debug|x64.ActiveCfg = Debug|Any CPU
		{396B764E-19D6-4E9D-AD86-4C8D5FBF32D4}.Debug|x64.Build.0 = Debug|Any CPU
		{396B764E-19D6-4E9D-AD86-4C8D5FBF32D4}.Debug|x86.ActiveCfg = Debug|Any CPU
		{396B764E-19D6-4E9D-AD86-4C8D5FBF32D4}.Debug|x86.Build.0 = Debug|Any CPU
		{396B764E-19D6-4E9D-AD86-4C8D5FBF32D4}.Release|Any CPU.ActiveCfg = Release|Any CPU
		{396B764E-19D6-4E9D-AD86-4C8D5FBF32D4}.Release|Any CPU.Build.0 = Release|Any CPU
		{396B764E-19D6-4E9D-AD86-4C8D5FBF32D4}.Release|x64.ActiveCfg = Release|Any CPU
		{396B764E-19D6-4E9D-AD86-4C8D5FBF32D4}.Release|x64.Build.0 = Release|Any CPU
		{396B764E-19D6-4E9D-AD86-4C8D5FBF32D4}.Release|x86.ActiveCfg = Release|Any CPU
		{396B764E-19D6-4E9D-AD86-4C8D5FBF32D4}.Release|x86.Build.0 = Release|Any CPU
		{936E89B3-DB72-4BD6-A38F-58E0754C2CDD}.Debug|Any CPU.ActiveCfg = Debug|Any CPU
		{936E89B3-DB72-4BD6-A38F-58E0754C2CDD}.Debug|Any CPU.Build.0 = Debug|Any CPU
		{936E89B3-DB72-4BD6-A38F-58E0754C2CDD}.Debug|x64.ActiveCfg = Debug|Any CPU
		{936E89B3-DB72-4BD6-A38F-58E0754C2CDD}.Debug|x64.Build.0 = Debug|Any CPU
		{936E89B3-DB72-4BD6-A38F-58E0754C2CDD}.Debug|x86.ActiveCfg = Debug|Any CPU
		{936E89B3-DB72-4BD6-A38F-58E0754C2CDD}.Debug|x86.Build.0 = Debug|Any CPU
		{936E89B3-DB72-4BD6-A38F-58E0754C2CDD}.Release|Any CPU.ActiveCfg = Release|Any CPU
		{936E89B3-DB72-4BD6-A38F-58E0754C2CDD}.Release|Any CPU.Build.0 = Release|Any CPU
		{936E89B3-DB72-4BD6-A38F-58E0754C2CDD}.Release|x64.ActiveCfg = Release|Any CPU
		{936E89B3-DB72-4BD6-A38F-58E0754C2CDD}.Release|x64.Build.0 = Release|Any CPU
		{936E89B3-DB72-4BD6-A38F-58E0754C2CDD}.Release|x86.ActiveCfg = Release|Any CPU
		{936E89B3-DB72-4BD6-A38F-58E0754C2CDD}.Release|x86.Build.0 = Release|Any CPU
		{CA2C6552-0D4D-43B3-B6A1-CD4C2057CB5F}.Debug|Any CPU.ActiveCfg = Debug|Any CPU
		{CA2C6552-0D4D-43B3-B6A1-CD4C2057CB5F}.Debug|Any CPU.Build.0 = Debug|Any CPU
		{CA2C6552-0D4D-43B3-B6A1-CD4C2057CB5F}.Debug|x64.ActiveCfg = Debug|Any CPU
		{CA2C6552-0D4D-43B3-B6A1-CD4C2057CB5F}.Debug|x64.Build.0 = Debug|Any CPU
		{CA2C6552-0D4D-43B3-B6A1-CD4C2057CB5F}.Debug|x86.ActiveCfg = Debug|Any CPU
		{CA2C6552-0D4D-43B3-B6A1-CD4C2057CB5F}.Debug|x86.Build.0 = Debug|Any CPU
		{CA2C6552-0D4D-43B3-B6A1-CD4C2057CB5F}.Release|Any CPU.ActiveCfg = Release|Any CPU
		{CA2C6552-0D4D-43B3-B6A1-CD4C2057CB5F}.Release|Any CPU.Build.0 = Release|Any CPU
		{CA2C6552-0D4D-43B3-B6A1-CD4C2057CB5F}.Release|x64.ActiveCfg = Release|Any CPU
		{CA2C6552-0D4D-43B3-B6A1-CD4C2057CB5F}.Release|x64.Build.0 = Release|Any CPU
		{CA2C6552-0D4D-43B3-B6A1-CD4C2057CB5F}.Release|x86.ActiveCfg = Release|Any CPU
		{CA2C6552-0D4D-43B3-B6A1-CD4C2057CB5F}.Release|x86.Build.0 = Release|Any CPU
		{1F7863D9-8649-4FFF-8A69-90CBDBA58706}.Debug|Any CPU.ActiveCfg = Debug|Any CPU
		{1F7863D9-8649-4FFF-8A69-90CBDBA58706}.Debug|Any CPU.Build.0 = Debug|Any CPU
		{1F7863D9-8649-4FFF-8A69-90CBDBA58706}.Debug|x64.ActiveCfg = Debug|Any CPU
		{1F7863D9-8649-4FFF-8A69-90CBDBA58706}.Debug|x64.Build.0 = Debug|Any CPU
		{1F7863D9-8649-4FFF-8A69-90CBDBA58706}.Debug|x86.ActiveCfg = Debug|Any CPU
		{1F7863D9-8649-4FFF-8A69-90CBDBA58706}.Debug|x86.Build.0 = Debug|Any CPU
		{1F7863D9-8649-4FFF-8A69-90CBDBA58706}.Release|Any CPU.ActiveCfg = Release|Any CPU
		{1F7863D9-8649-4FFF-8A69-90CBDBA58706}.Release|Any CPU.Build.0 = Release|Any CPU
		{1F7863D9-8649-4FFF-8A69-90CBDBA58706}.Release|x64.ActiveCfg = Release|Any CPU
		{1F7863D9-8649-4FFF-8A69-90CBDBA58706}.Release|x64.Build.0 = Release|Any CPU
		{1F7863D9-8649-4FFF-8A69-90CBDBA58706}.Release|x86.ActiveCfg = Release|Any CPU
		{1F7863D9-8649-4FFF-8A69-90CBDBA58706}.Release|x86.Build.0 = Release|Any CPU
		{BC19EF88-FE7E-4AFE-95A2-BC2FEE902397}.Debug|Any CPU.ActiveCfg = Debug|Any CPU
		{BC19EF88-FE7E-4AFE-95A2-BC2FEE902397}.Debug|Any CPU.Build.0 = Debug|Any CPU
		{BC19EF88-FE7E-4AFE-95A2-BC2FEE902397}.Debug|x64.ActiveCfg = Debug|Any CPU
		{BC19EF88-FE7E-4AFE-95A2-BC2FEE902397}.Debug|x64.Build.0 = Debug|Any CPU
		{BC19EF88-FE7E-4AFE-95A2-BC2FEE902397}.Debug|x86.ActiveCfg = Debug|Any CPU
		{BC19EF88-FE7E-4AFE-95A2-BC2FEE902397}.Debug|x86.Build.0 = Debug|Any CPU
		{BC19EF88-FE7E-4AFE-95A2-BC2FEE902397}.Release|Any CPU.ActiveCfg = Release|Any CPU
		{BC19EF88-FE7E-4AFE-95A2-BC2FEE902397}.Release|Any CPU.Build.0 = Release|Any CPU
		{BC19EF88-FE7E-4AFE-95A2-BC2FEE902397}.Release|x64.ActiveCfg = Release|Any CPU
		{BC19EF88-FE7E-4AFE-95A2-BC2FEE902397}.Release|x64.Build.0 = Release|Any CPU
		{BC19EF88-FE7E-4AFE-95A2-BC2FEE902397}.Release|x86.ActiveCfg = Release|Any CPU
		{BC19EF88-FE7E-4AFE-95A2-BC2FEE902397}.Release|x86.Build.0 = Release|Any CPU
		{A316696B-2526-4998-ABE7-6A39B51B4C98}.Debug|Any CPU.ActiveCfg = Debug|Any CPU
		{A316696B-2526-4998-ABE7-6A39B51B4C98}.Debug|Any CPU.Build.0 = Debug|Any CPU
		{A316696B-2526-4998-ABE7-6A39B51B4C98}.Debug|x64.ActiveCfg = Debug|Any CPU
		{A316696B-2526-4998-ABE7-6A39B51B4C98}.Debug|x64.Build.0 = Debug|Any CPU
		{A316696B-2526-4998-ABE7-6A39B51B4C98}.Debug|x86.ActiveCfg = Debug|Any CPU
		{A316696B-2526-4998-ABE7-6A39B51B4C98}.Debug|x86.Build.0 = Debug|Any CPU
		{A316696B-2526-4998-ABE7-6A39B51B4C98}.Release|Any CPU.ActiveCfg = Release|Any CPU
		{A316696B-2526-4998-ABE7-6A39B51B4C98}.Release|Any CPU.Build.0 = Release|Any CPU
		{A316696B-2526-4998-ABE7-6A39B51B4C98}.Release|x64.ActiveCfg = Release|Any CPU
		{A316696B-2526-4998-ABE7-6A39B51B4C98}.Release|x64.Build.0 = Release|Any CPU
		{A316696B-2526-4998-ABE7-6A39B51B4C98}.Release|x86.ActiveCfg = Release|Any CPU
		{A316696B-2526-4998-ABE7-6A39B51B4C98}.Release|x86.Build.0 = Release|Any CPU
		{9A3C0B16-7379-45F5-AB65-D991F555E5E6}.Debug|Any CPU.ActiveCfg = Debug|Any CPU
		{9A3C0B16-7379-45F5-AB65-D991F555E5E6}.Debug|Any CPU.Build.0 = Debug|Any CPU
		{9A3C0B16-7379-45F5-AB65-D991F555E5E6}.Debug|x64.ActiveCfg = Debug|Any CPU
		{9A3C0B16-7379-45F5-AB65-D991F555E5E6}.Debug|x64.Build.0 = Debug|Any CPU
		{9A3C0B16-7379-45F5-AB65-D991F555E5E6}.Debug|x86.ActiveCfg = Debug|Any CPU
		{9A3C0B16-7379-45F5-AB65-D991F555E5E6}.Debug|x86.Build.0 = Debug|Any CPU
		{9A3C0B16-7379-45F5-AB65-D991F555E5E6}.Release|Any CPU.ActiveCfg = Release|Any CPU
		{9A3C0B16-7379-45F5-AB65-D991F555E5E6}.Release|Any CPU.Build.0 = Release|Any CPU
		{9A3C0B16-7379-45F5-AB65-D991F555E5E6}.Release|x64.ActiveCfg = Release|Any CPU
		{9A3C0B16-7379-45F5-AB65-D991F555E5E6}.Release|x64.Build.0 = Release|Any CPU
		{9A3C0B16-7379-45F5-AB65-D991F555E5E6}.Release|x86.ActiveCfg = Release|Any CPU
		{9A3C0B16-7379-45F5-AB65-D991F555E5E6}.Release|x86.Build.0 = Release|Any CPU
		{0168E5EA-E6C1-4F86-BAEB-9E8E5BA8DA28}.Debug|Any CPU.ActiveCfg = Debug|Any CPU
		{0168E5EA-E6C1-4F86-BAEB-9E8E5BA8DA28}.Debug|Any CPU.Build.0 = Debug|Any CPU
		{0168E5EA-E6C1-4F86-BAEB-9E8E5BA8DA28}.Debug|x64.ActiveCfg = Debug|Any CPU
		{0168E5EA-E6C1-4F86-BAEB-9E8E5BA8DA28}.Debug|x64.Build.0 = Debug|Any CPU
		{0168E5EA-E6C1-4F86-BAEB-9E8E5BA8DA28}.Debug|x86.ActiveCfg = Debug|Any CPU
		{0168E5EA-E6C1-4F86-BAEB-9E8E5BA8DA28}.Debug|x86.Build.0 = Debug|Any CPU
		{0168E5EA-E6C1-4F86-BAEB-9E8E5BA8DA28}.Release|Any CPU.ActiveCfg = Release|Any CPU
		{0168E5EA-E6C1-4F86-BAEB-9E8E5BA8DA28}.Release|Any CPU.Build.0 = Release|Any CPU
		{0168E5EA-E6C1-4F86-BAEB-9E8E5BA8DA28}.Release|x64.ActiveCfg = Release|Any CPU
		{0168E5EA-E6C1-4F86-BAEB-9E8E5BA8DA28}.Release|x64.Build.0 = Release|Any CPU
		{0168E5EA-E6C1-4F86-BAEB-9E8E5BA8DA28}.Release|x86.ActiveCfg = Release|Any CPU
		{0168E5EA-E6C1-4F86-BAEB-9E8E5BA8DA28}.Release|x86.Build.0 = Release|Any CPU
	EndGlobalSection
	GlobalSection(SolutionProperties) = preSolution
		HideSolutionNode = FALSE
	EndGlobalSection
	GlobalSection(ExtensibilityGlobals) = postSolution
		SolutionGuid = {AABAD01B-309C-4751-A503-CF578A7B1A07}
	EndGlobalSection
EndGlobal
